{
  "name": "API-Server-Atelier-4-master",
  "lockfileVersion": 2,
  "requires": true,
  "packages": {
    "": {
      "dependencies": {
        "query-strings": "^0.0.1"
      }
    },
    "node_modules/check-valid-url": {
      "version": "0.0.2",
      "resolved": "https://registry.npmjs.org/check-valid-url/-/check-valid-url-0.0.2.tgz",
      "integrity": "sha512-euIV78ZkRotiXZIGyH2Y2PfiuUgeGlpdRgvKKAFfXqxM9V8pcby9dailMGu1xjbA/sZzTHrrzwqn8GctMZasXQ=="
    },
    "node_modules/query-strings": {
      "version": "0.0.1",
      "resolved": "https://registry.npmjs.org/query-strings/-/query-strings-0.0.1.tgz",
      "integrity": "sha512-lL2HTSSfTzZdPO+E0PCia6b+jxtXwZFHL6cyjpTklG1NYLkVgrKd/sAaVAQEH/jrpl4/vSze8bIRvPjMpy2y6Q==",
      "dependencies": {
        "check-valid-url": "0.0.2"
      }
    }
  },
  "dependencies": {
    "check-valid-url": {
      "version": "0.0.2",
      "resolved": "https://registry.npmjs.org/check-valid-url/-/check-valid-url-0.0.2.tgz",
      "integrity": "sha512-euIV78ZkRotiXZIGyH2Y2PfiuUgeGlpdRgvKKAFfXqxM9V8pcby9dailMGu1xjbA/sZzTHrrzwqn8GctMZasXQ=="
    },
    "query-strings": {
      "version": "0.0.1",
      "resolved": "https://registry.npmjs.org/query-strings/-/query-strings-0.0.1.tgz",
      "integrity": "sha512-lL2HTSSfTzZdPO+E0PCia6b+jxtXwZFHL6cyjpTklG1NYLkVgrKd/sAaVAQEH/jrpl4/vSze8bIRvPjMpy2y6Q==",
      "requires": {
        "check-valid-url": "0.0.2"
      }
    }
  }
}
